
Microsoft Visual Studio Solution File, Format Version 12.00
# Visual Studio Version 18
VisualStudioVersion = 18.0.11205.157 d18.0
MinimumVisualStudioVersion = 10.0.40219.1
Project("{FAE04EC0-301F-11D3-BF4B-00C04F79EFBC}") = "Calendar", "Calendar\Calendar.csproj", "{16ED6964-903D-63FD-A290-41F8A20782C3}"
EndProject
Global
	GlobalSection(SolutionConfigurationPlatforms) = preSolution
		Debug|Any CPU = Debug|Any CPU
		Release|Any CPU = Release|Any CPU
	EndGlobalSection
	GlobalSection(ProjectConfigurationPlatforms) = postSolution
		{16ED6964-903D-63FD-A290-41F8A20782C3}.Debug|Any CPU.ActiveCfg = Debug|Any CPU
		{16ED6964-903D-63FD-A290-41F8A20782C3}.Debug|Any CPU.Build.0 = Debug|Any CPU
		{16ED6964-903D-63FD-A290-41F8A20782C3}.Release|Any CPU.ActiveCfg = Release|Any CPU
		{16ED6964-903D-63FD-A290-41F8A20782C3}.Release|Any CPU.Build.0 = Release|Any CPU
	EndGlobalSection
	GlobalSection(SolutionProperties) = preSolution
		HideSolutionNode = FALSE
	EndGlobalSection
	GlobalSection(ExtensibilityGlobals) = postSolution
		SolutionGuid = {EBC76271-362D-4201-84CE-94C41A16407E}
	EndGlobalSection
EndGlobal
